{
  "repro_schema_version": "1.0",
  "created_at": "2026-03-02T19:35:07",
  "repro_version": "0.1.0",
  "pipeline_type": "unknown",
  "system": {
    "os": "Linux",
    "os_family": "debian",
    "os_release": "Linux-6.8.0-101-generic-x86_64-with-glibc2.39",
    "kernel": "6.8.0-101-generic",
    "arch": "x86_64",
    "hostname": "ross-MS-7E70",
    "cpus": 24,
    "ram_gb": 60.4,
    "disk_free_gb": 1609.0,
    "wsl": false,
    "wsl_windows_version": null,
    "arm": false,
    "is_root": false,
    "has_sudo": false
  },
  "languages": {
    "python": {
      "found": true,
      "version": "3.12.11",
      "path": "/home/ross/miniforge3/bin/python3",
      "real_path": "/home/ross/miniforge3/bin/python3.12"
    },
    "R": {
      "found": true,
      "version": "4.3.3",
      "path": "/usr/bin/R",
      "real_path": "/usr/bin/R"
    },
    "julia": {
      "found": false,
      "version": null,
      "path": null,
      "real_path": null
    },
    "perl": {
      "found": true,
      "version": "5.32.1",
      "path": "/home/ross/miniforge3/bin/perl",
      "real_path": "/home/ross/miniforge3/bin/perl"
    },
    "java": {
      "found": true,
      "version": "25.0.1-internal",
      "path": "/home/ross/miniforge3/bin/java",
      "real_path": "/home/ross/miniforge3/lib/jvm/bin/java"
    },
    "groovy": {
      "found": false,
      "version": null,
      "path": null,
      "real_path": null
    },
    "bash": {
      "found": true,
      "version": "5.2.21",
      "path": "/usr/bin/bash",
      "real_path": "/usr/bin/bash"
    }
  },
  "package_managers": {
    "conda": {
      "binary": "mamba",
      "version": "2.1.1",
      "env_name": "base",
      "packages": {
        "Tree": "0.2.4",
        "_libgcc_mutex": "0.1",
        "_openmp_mutex": "4.5",
        "_python_abi3_support": "1.0",
        "alsa-lib": "1.2.15.2",
        "annotated-types": "0.7.0",
        "archspec": "0.2.5",
        "attrs": "25.4.0",
        "boltons": "25.0.0",
        "boost-cpp": "1.85.0",
        "brotli-python": "1.1.0",
        "bzip2": "1.0.8",
        "c-ares": "1.34.5",
        "ca-certificates": "2026.2.25",
        "cairo": "1.18.4",
        "certifi": "2026.2.25",
        "cffi": "1.17.1",
        "charset-normalizer": "3.4.2",
        "click": "8.3.1",
        "colorama": "0.4.6",
        "coloredlogs": "15.0.1",
        "colormath": "3.0.0",
        "conda": "25.7.0",
        "conda-libmamba-solver": "25.3.0",
        "conda-package-handling": "2.4.0",
        "conda-package-streaming": "0.12.0",
        "cpp-expected": "1.1.0",
        "cpython": "3.12.12",
        "distro": "1.9.0",
        "expat": "2.7.1",
        "fastqc": "0.12.1",
        "fmt": "11.1.4",
        "font-ttf-dejavu-sans-mono": "2.37",
        "font-ttf-inconsolata": "3.000",
        "font-ttf-source-code-pro": "2.038",
        "font-ttf-ubuntu": "0.83",
        "fontconfig": "2.15.0",
        "fonts-conda-ecosystem": "1",
        "fonts-conda-forge": "1",
        "freetype": "2.14.1",
        "frozendict": "2.4.6",
        "gh": "2.87.3",
        "giflib": "5.2.2",
        "graphite2": "1.3.14",
        "h2": "4.2.0",
        "harfbuzz": "12.1.0",
        "hpack": "4.1.0",
        "humanfriendly": "10.0",
        "humanize": "4.15.0",
        "hyperframe": "6.1.0",
        "icu": "75.1",
        "idna": "3.10",
        "importlib-metadata": "8.7.0",
        "jinja2": "3.1.6",
        "joblib": "1.5.3",
        "jsonpatch": "1.33",
        "jsonpointer": "3.0.0",
        "jsonschema": "4.26.0",
        "jsonschema-specifications": "2025.9.1",
        "kaleido-core": "0.2.1",
        "keyutils": "1.6.1",
        "krb5": "1.21.3",
        "lcms2": "2.17",
        "ld_impl_linux-64": "2.44",
        "lerc": "4.0.0",
        "libarchive": "3.7.7",
        "libblas": "3.11.0",
        "libboost": "1.85.0",
        "libboost-devel": "1.85.0",
        "libboost-headers": "1.85.0",
        "libcblas": "3.11.0",
        "libcups": "2.3.3",
        "libcurl": "8.14.1",
        "libdeflate": "1.25",
        "libedit": "3.1.20250104",
        "libev": "4.33",
        "libexpat": "2.7.1",
        "libffi": "3.4.6",
        "libfreetype": "2.14.1",
        "libfreetype6": "2.14.1",
        "libgcc": "15.1.0",
        "libgcc-ng": "15.1.0",
        "libgfortran": "15.1.0",
        "libgfortran5": "15.1.0",
        "libglib": "2.86.0",
        "libgomp": "15.1.0",
        "libhwloc": "2.12.1",
        "libiconv": "1.18",
        "libjemalloc": "5.3.0",
        "libjpeg-turbo": "3.1.2",
        "liblapack": "3.11.0",
        "liblzma": "5.8.1",
        "liblzma-devel": "5.8.1",
        "libmamba": "2.1.1",
        "libmambapy": "2.1.1",
        "libnghttp2": "1.64.0",
        "libnsl": "2.0.1",
        "libopenblas": "0.3.30",
        "libpng": "1.6.53",
        "libsolv": "0.7.34",
        "libsqlite": "3.50.3",
        "libssh2": "1.11.1",
        "libstdcxx": "15.1.0",
        "libstdcxx-ng": "15.1.0",
        "libtiff": "4.7.1",
        "libuuid": "2.38.1",
        "libwebp-base": "1.6.0",
        "libxcb": "1.17.0",
        "libxcrypt": "4.4.36",
        "libxml2": "2.13.8",
        "libzlib": "1.3.1",
        "lz4-c": "1.10.0",
        "lzo": "2.10",
        "mamba": "2.1.1",
        "markdown": "3.10",
        "markdown-it-py": "4.0.0",
        "markupsafe": "3.0.3",
        "mathjax": "2.7.7",
        "matplotlib": "3.10.8",
        "mdurl": "0.1.2",
        "menuinst": "2.3.1",
        "multiqc": "1.33",
        "narwhals": "2.15.0",
        "natsort": "8.4.0",
        "ncurses": "6.5",
        "networkx": "3.6.1",
        "nlohmann_json": "3.11.3",
        "nspr": "4.38",
        "nss": "3.114",
        "numpy": "2.4.0",
        "openjdk": "25.0.1",
        "openjpeg": "2.5.4",
        "openpyxl": "3.1.5",
        "openssl": "3.6.1",
        "packaging": "25.0",
        "pandas": "2.3.3",
        "pcre2": "10.46",
        "perl": "5.32.1",
        "pillow": "12.1.0",
        "pip": "25.1.1",
        "pixman": "0.46.4",
        "platformdirs": "4.3.8",
        "plotly": "6.5.1",
        "pluggy": "1.6.0",
        "polars": "1.36.1",
        "polars-lts-cpu": "1.34.0.deprecated",
        "polars-runtime-32": "1.36.1",
        "polars-runtime-compat": "1.36.1",
        "psutil": "7.2.1",
        "pthread-stubs": "0.4",
        "pyaml-env": "1.2.2",
        "pybind11-abi": "4",
        "pycosat": "0.6.6",
        "pycparser": "2.22",
        "pydantic": "2.12.5",
        "pydantic-core": "2.41.5",
        "pyfaidx": "0.9.0.3",
        "pygments": "2.19.2",
        "pyranges": "0.1.4",
        "pysocks": "1.7.1",
        "pytest": "9.0.2",
        "python": "3.12.11",
        "python-dotenv": "1.2.1",
        "python-gil": "3.12.12",
        "python-kaleido": "0.2.1",
        "python_abi": "3.12",
        "pyyaml": "6.0.3",
        "readline": "8.2",
        "referencing": "0.37.0",
        "regex": "2025.11.3",
        "repro-lock": "0.1.0",
        "reproc": "14.2.5.post0",
        "reproc-cpp": "14.2.5.post0",
        "requests": "2.32.4",
        "rich": "14.2.0",
        "rich-click": "1.9.5",
        "rpds-py": "0.30.0",
        "ruamel.yaml": "0.18.14",
        "ruamel.yaml.clib": "0.2.8",
        "salmon": "1.10.3",
        "scikit-learn": "1.8.0",
        "scipy": "1.17.0",
        "seaborn": "0.13.2",
        "setuptools": "80.9.0",
        "shap": "0.50.0",
        "simdjson": "3.12.3",
        "spectra": "0.0.11",
        "sqlite": "3.50.3",
        "statsmodels": "0.14.6",
        "tbb": "2022.3.0",
        "tiktoken": "0.12.0",
        "tk": "8.6.13",
        "torch": "2.8.0",
        "torchvision": "0.23.0",
        "tqdm": "4.67.1",
        "truststore": "0.10.1",
        "typeguard": "4.4.4",
        "typing-extensions": "4.15.0",
        "typing-inspection": "0.4.2",
        "typing_extensions": "4.15.0",
        "tzdata": "2025b",
        "urllib3": "2.5.0",
        "weasyprint": "68.1",
        "wheel": "0.45.1",
        "xgboost": "3.2.0",
        "xorg-libice": "1.1.2",
        "xorg-libsm": "1.2.6",
        "xorg-libx11": "1.8.12",
        "xorg-libxau": "1.0.12",
        "xorg-libxdmcp": "1.1.5",
        "xorg-libxext": "1.3.6",
        "xorg-libxfixes": "6.0.2",
        "xorg-libxi": "1.8.2",
        "xorg-libxrandr": "1.5.4",
        "xorg-libxrender": "0.9.12",
        "xorg-libxt": "1.3.1",
        "xorg-libxtst": "1.2.5",
        "xz": "5.8.1",
        "xz-gpl-tools": "5.8.1",
        "xz-tools": "5.8.1",
        "yaml": "0.2.5",
        "yaml-cpp": "0.8.0",
        "zipp": "3.23.0",
        "zlib-ng": "2.3.2",
        "zstandard": "0.23.0",
        "zstd": "1.5.7"
      },
      "conflicts": []
    },
    "virtualenv": {
      "active_venv": null,
      "venv_type": "none",
      "poetry": {
        "found": false,
        "version": null
      },
      "pipenv": {
        "found": false,
        "version": null
      }
    },
    "pip": {
      "annotated-doc": "0.0.4",
      "annotated-types": "0.7.0",
      "archspec": "0.2.5",
      "attrs": "25.4.0",
      "boltons": "25.0.0",
      "Brotli": "1.1.0",
      "certifi": "2026.2.25",
      "cffi": "1.17.1",
      "charset-normalizer": "3.4.2",
      "click": "8.3.1",
      "cloudpickle": "3.1.2",
      "colorama": "0.4.6",
      "coloredlogs": "15.0.1",
      "colormath": "3.0.0",
      "conda": "25.7.0",
      "conda-libmamba-solver": "25.3.0",
      "conda-package-handling": "2.4.0",
      "conda_package_streaming": "0.12.0",
      "contourpy": "1.3.3",
      "cssselect2": "0.9.0",
      "cycler": "0.12.1",
      "distro": "1.9.0",
      "et_xmlfile": "2.0.0",
      "fonttools": "4.61.1",
      "frozendict": "2.4.6",
      "fsspec": "2025.7.0",
      "h2": "4.2.0",
      "hpack": "4.1.0",
      "humanfriendly": "10.0",
      "humanize": "4.15.0",
      "hyperframe": "6.1.0",
      "idna": "3.10",
      "importlib_metadata": "8.7.0",
      "iniconfig": "2.3.0",
      "Jinja2": "3.1.6",
      "joblib": "1.5.3",
      "jsonpatch": "1.33",
      "jsonpointer": "3.0.0",
      "jsonschema": "4.26.0",
      "jsonschema-specifications": "2025.9.1",
      "kaleido": "0.2.1",
      "kiwisolver": "1.4.9",
      "libmambapy": "2.1.1",
      "llvmlite": "0.46.0",
      "Markdown": "3.10",
      "markdown-it-py": "4.0.0",
      "MarkupSafe": "3.0.3",
      "matplotlib": "3.10.8",
      "mdurl": "0.1.2",
      "menuinst": "2.3.1",
      "mpmath": "1.3.0",
      "multiqc": "1.33",
      "narwhals": "2.15.0",
      "natsort": "8.4.0",
      "ncls": "0.0.70",
      "networkx": "3.5",
      "numba": "0.64.0",
      "numpy": "2.4.0",
      "nvidia-cublas-cu12": "12.8.4.1",
      "nvidia-cuda-cupti-cu12": "12.8.90",
      "nvidia-cuda-nvrtc-cu12": "12.8.93",
      "nvidia-cuda-runtime-cu12": "12.8.90",
      "nvidia-cudnn-cu12": "9.10.2.21",
      "nvidia-cufft-cu12": "11.3.3.83",
      "nvidia-cufile-cu12": "1.13.1.3",
      "nvidia-curand-cu12": "10.3.9.90",
      "nvidia-cusolver-cu12": "11.7.3.90",
      "nvidia-cusparse-cu12": "12.5.8.93",
      "nvidia-cusparselt-cu12": "0.7.1",
      "nvidia-nccl-cu12": "2.27.3",
      "nvidia-nvjitlink-cu12": "12.8.93",
      "nvidia-nvtx-cu12": "12.8.90",
      "openpyxl": "3.1.5",
      "packaging": "25.0",
      "pandas": "2.3.3",
      "patsy": "1.0.2",
      "pillow": "12.1.0",
      "pip": "25.1.1",
      "platformdirs": "4.3.8",
      "plotly": "6.5.1",
      "pluggy": "1.6.0",
      "polars": "1.36.1",
      "polars-runtime-32": "1.36.1",
      "polars-runtime-compat": "1.36.1",
      "psutil": "7.2.1",
      "pyaml_env": "1.2.2",
      "pycosat": "0.6.6",
      "pycparser": "2.22",
      "pydantic": "2.12.5",
      "pydantic_core": "2.41.5",
      "pydyf": "0.12.1",
      "pyfaidx": "0.9.0.3",
      "Pygments": "2.19.2",
      "pyparsing": "3.3.1",
      "pyphen": "0.17.2",
      "pyranges": "0.1.4",
      "PySocks": "1.7.1",
      "pytest": "9.0.2",
      "python-dateutil": "2.9.0.post0",
      "python-dotenv": "1.2.1",
      "pytz": "2025.2",
      "PyYAML": "6.0.3",
      "referencing": "0.37.0",
      "regex": "2025.11.3",
      "repro-lock": "0.1.0",
      "requests": "2.32.4",
      "rich": "14.2.0",
      "rich-click": "1.9.5",
      "rpds-py": "0.30.0",
      "ruamel.yaml": "0.18.14",
      "ruamel.yaml.clib": "0.2.8",
      "scikit-learn": "1.8.0",
      "scipy": "1.17.0",
      "seaborn": "0.13.2",
      "setuptools": "80.9.0",
      "shap": "0.50.0",
      "shellingham": "1.5.4",
      "six": "1.17.0",
      "slicer": "0.0.8",
      "sorted_nearest": "0.0.41",
      "spectra": "0.0.11",
      "statsmodels": "0.14.6",
      "svgwrite": "1.4.3",
      "sympy": "1.14.0",
      "tabulate": "0.9.0",
      "threadpoolctl": "3.6.0",
      "tiktoken": "0.12.0",
      "tinycss2": "1.5.1",
      "tinyhtml5": "2.0.0",
      "torch": "2.8.0",
      "torchvision": "0.23.0",
      "tqdm": "4.67.1",
      "Tree": "0.2.4",
      "triton": "3.4.0",
      "truststore": "0.10.1",
      "typeguard": "4.4.4",
      "typer": "0.24.1",
      "typing_extensions": "4.15.0",
      "typing-inspection": "0.4.2",
      "tzdata": "2025.3",
      "urllib3": "2.5.0",
      "weasyprint": "68.1",
      "webencodings": "0.5.1",
      "wheel": "0.45.1",
      "xgboost": "3.2.0",
      "zipp": "3.23.0",
      "zopfli": "0.4.1",
      "zstandard": "0.23.0"
    },
    "R_packages": {
      "abind": "1.4-8",
      "annotate": "1.80.0",
      "AnnotationDbi": "1.64.1",
      "ape": "5.8-1",
      "askpass": "1.2.1",
      "assertthat": "0.2.1",
      "av": "0.9.6",
      "babelgene": "22.9",
      "backports": "1.5.0",
      "base64enc": "0.1-6",
      "bcellViper": "1.38.0",
      "beachmat": "2.18.1",
      "beeswarm": "0.4.0",
      "bench": "1.1.4",
      "BH": "1.90.0-1",
      "Biobase": "2.62.0",
      "BiocFileCache": "2.10.2",
      "BiocGenerics": "0.48.1",
      "BiocIO": "1.12.0",
      "BiocManager": "1.30.27",
      "BiocNeighbors": "1.20.2",
      "BiocParallel": "1.36.0",
      "BiocSingular": "1.18.0",
      "BiocVersion": "3.18.1",
      "Biostrings": "2.70.3",
      "bit": "4.6.0",
      "bit64": "4.6.0-1",
      "bitops": "1.0-9",
      "blob": "1.3.0",
      "bluster": "1.12.0",
      "brew": "1.0-10",
      "brio": "1.1.5",
      "broom": "1.0.12",
      "bslib": "0.10.0",
      "cachem": "1.1.0",
      "Cairo": "1.7-0",
      "callr": "3.7.6",
      "carData": "3.0-6",
      "caTools": "1.18.3",
      "cellranger": "1.1.0",
      "checkmate": "2.3.4",
      "circlize": "0.4.17",
      "classInt": "0.4-11",
      "cli": "3.6.5",
      "clipr": "0.8.0",
      "clue": "0.3-67",
      "collections": "0.3.11",
      "colorspace": "2.1-2",
      "commonmark": "2.0.0",
      "ComplexHeatmap": "2.18.0",
      "conflicted": "1.2.0",
      "corrplot": "0.95",
      "covr": "3.6.5",
      "cowplot": "1.2.0",
      "cpp11": "0.5.3",
      "crayon": "1.5.3",
      "credentials": "2.0.3",
      "crosstalk": "1.2.2",
      "curl": "7.0.0",
      "data.table": "1.18.2.1",
      "DBI": "1.3.0",
      "dbplyr": "2.5.2",
      "decoupleR": "2.8.0",
      "DelayedArray": "0.28.0",
      "DelayedMatrixStats": "1.24.0",
      "deldir": "2.0-4",
      "DEoptimR": "1.1-4",
      "Deriv": "4.2.0",
      "desc": "1.4.3",
      "DESeq2": "1.42.1",
      "devtools": "2.4.6",
      "DiagrammeR": "1.0.11",
      "diffobj": "0.3.6",
      "digest": "0.6.39",
      "doBy": "4.7.1",
      "doParallel": "1.0.17",
      "doRNG": "1.8.6.3",
      "dorothea": "1.14.1",
      "dotCall64": "1.2",
      "downlit": "0.4.5",
      "dplyr": "1.2.0",
      "dqrng": "0.4.1",
      "DropletUtils": "1.22.0",
      "DT": "0.34.0",
      "dtplyr": "1.3.3",
      "e1071": "1.7-17",
      "edgeR": "4.0.16",
      "EGSEA": "1.30.1",
      "EGSEAdata": "1.30.0",
      "ellipsis": "0.3.2",
      "enrichR": "3.4",
      "evaluate": "1.0.5",
      "fansi": "1.0.7",
      "farver": "2.1.2",
      "fastDummies": "1.7.5",
      "fastmap": "1.2.0",
      "fastmatch": "1.1-8",
      "filelock": "1.0.3",
      "fitdistrplus": "1.2-6",
      "FNN": "1.1.4.1",
      "foghorn": "1.6.1",
      "fontawesome": "0.5.3",
      "forcats": "1.0.1",
      "foreach": "1.5.2",
      "forecast": "9.0.1",
      "formatR": "1.14",
      "formattable": "0.2.1",
      "Formula": "1.2-5",
      "fracdiff": "1.5-3",
      "fs": "1.6.6",
      "futile.logger": "1.4.9",
      "futile.options": "1.0.1",
      "future": "1.69.0",
      "future.apply": "1.20.2",
      "gage": "2.52.0",
      "gapminder": "1.0.1",
      "gargle": "1.6.1",
      "generics": "0.1.4",
      "GenomeInfoDb": "1.38.8",
      "GenomeInfoDbData": "1.2.11",
      "GenomicAlignments": "1.38.2",
      "GenomicRanges": "1.54.1",
      "GEOquery": "2.70.0",
      "gert": "2.3.1",
      "GetoptLong": "1.1.0",
      "ggbeeswarm": "0.7.3",
      "ggplot2": "4.0.2",
      "ggplot2movies": "0.0.1",
      "ggrastr": "1.0.2",
      "ggrepel": "0.9.6",
      "ggridges": "0.5.7",
      "ggsci": "4.2.0",
      "ggsignif": "0.6.4",
      "gh": "1.5.0",
      "gitcreds": "0.1.2",
      "glmGamPoi": "1.14.3",
      "GlobalOptions": "0.1.3",
      "globals": "0.19.0",
      "globaltest": "5.56.0",
      "glue": "1.8.0",
      "gmailr": "3.0.0",
      "GO.db": "3.18.0",
      "goftest": "1.2-3",
      "googledrive": "2.1.2",
      "googlesheets4": "1.1.2",
      "gplots": "3.3.0",
      "graph": "1.80.0",
      "gridExtra": "2.3",
      "GSA": "1.03.3",
      "GSEABase": "1.64.0",
      "GSVA": "1.50.5",
      "gtable": "0.3.6",
      "gtools": "3.9.5",
      "harmony": "1.2.4",
      "haven": "2.5.5",
      "HDF5Array": "1.30.1",
      "hdf5r": "1.3.12",
      "here": "1.0.2",
      "hexbin": "1.28.5",
      "hgu133a.db": "3.13.0",
      "hgu133plus2.db": "3.13.0",
      "highr": "0.11",
      "Hmisc": "5.2-5",
      "hms": "1.1.4",
      "htmlTable": "2.4.3",
      "htmltools": "0.5.9",
      "HTMLUtils": "0.1.9",
      "htmlwidgets": "1.6.4",
      "httpuv": "1.6.16",
      "httr": "1.4.8",
      "httr2": "1.2.2",
      "hunspell": "3.0.6",
      "hwriter": "1.3.2.1",
      "ica": "1.0-3",
      "ids": "1.0.1",
      "igraph": "2.2.2",
      "ini": "0.3.1",
      "IRanges": "2.36.0",
      "IRdisplay": "1.1",
      "irlba": "2.3.7",
      "isoband": "0.3.0",
      "iterators": "1.0.14",
      "jquerylib": "0.1.4",
      "jsonlite": "2.0.0",
      "KEGGdzPathwaysGEO": "1.40.0",
      "KEGGgraph": "1.62.0",
      "KEGGREST": "1.42.0",
      "kernlab": "0.9-33",
      "knitr": "1.51",
      "labeling": "0.4.3",
      "Lahman": "14.0-0",
      "lambda.r": "1.2.4",
      "languageserver": "0.3.16",
      "later": "1.4.7",
      "lazyeval": "0.2.2",
      "leidenbase": "0.1.36",
      "lifecycle": "1.0.5",
      "limma": "3.58.1",
      "lintr": "3.3.0-1",
      "listenv": "0.10.0",
      "lmtest": "0.9-40",
      "lobstr": "1.2.0",
      "locfit": "1.5-9.12",
      "lubridate": "1.9.5",
      "magick": "2.9.1",
      "magrittr": "2.0.4",
      "mapproj": "1.2.12",
      "maps": "3.4.3",
      "mathjaxr": "2.0-0",
      "MatrixGenerics": "1.14.0",
      "MatrixModels": "0.5-4",
      "matrixStats": "1.5.0",
      "memoise": "2.0.1",
      "metadat": "1.4-0",
      "metafor": "4.8-0",
      "metap": "1.13",
      "metapod": "1.10.1",
      "microbenchmark": "1.5.0",
      "mime": "0.13",
      "miniUI": "0.1.2",
      "minqa": "1.2.8",
      "mixtools": "2.0.0.1",
      "mnormt": "2.1.2",
      "mockery": "0.4.5",
      "mockr": "0.2.2",
      "modelr": "0.1.11",
      "msigdbr": "25.1.1",
      "multcomp": "1.4-29",
      "multtest": "2.58.0",
      "munsell": "0.5.1",
      "mutoss": "0.1-14",
      "mvtnorm": "1.3-3",
      "numDeriv": "2016.8-1.1",
      "nycflights13": "1.0.2",
      "openssl": "2.3.5",
      "openxlsx": "4.2.8.1",
      "org.Hs.eg.db": "3.18.0",
      "org.Mm.eg.db": "3.18.0",
      "org.Rn.eg.db": "3.18.0",
      "otel": "0.2.0",
      "PADOG": "1.44.0",
      "parallelly": "1.46.1",
      "patchwork": "1.3.2",
      "pathview": "1.42.0",
      "pbapply": "1.7-4",
      "pdftools": "3.7.0",
      "pheatmap": "1.0.13",
      "pillar": "1.11.1",
      "pingr": "2.0.5",
      "pkgbuild": "1.4.8",
      "pkgconfig": "2.0.3",
      "pkgdown": "2.2.0",
      "pkgload": "1.5.0",
      "plogr": "0.2.0",
      "plotly": "4.12.0",
      "plotrix": "3.8-14",
      "plyr": "1.8.9",
      "png": "0.1-8",
      "polyclip": "1.10-7",
      "polynom": "1.4-1",
      "praise": "1.0.0",
      "presto": "1.0.0",
      "prettyunits": "1.2.0",
      "processx": "3.8.6",
      "profmem": "0.7.0",
      "profvis": "0.4.0",
      "progress": "1.2.3",
      "progressr": "0.18.0",
      "promises": "1.5.0",
      "proxy": "0.4-29",
      "ps": "1.9.1",
      "purrr": "1.2.1",
      "qpdf": "1.4.1",
      "qqconf": "1.3.2",
      "quantreg": "6.1",
      "quarto": "1.5.1",
      "R.cache": "0.17.0",
      "R.methodsS3": "1.8.2",
      "R.oo": "1.27.1",
      "R.utils": "2.13.0",
      "R2HTML": "2.3.4",
      "R6": "2.6.1",
      "ragg": "1.5.0",
      "RANN": "2.6.2",
      "rappdirs": "0.3.4",
      "rbibutils": "2.4.1",
      "rcmdcheck": "1.4.0",
      "RColorBrewer": "1.1-3",
      "Rcpp": "1.1.1",
      "RcppAnnoy": "0.0.23",
      "RcppArmadillo": "15.2.3-1",
      "RcppEigen": "0.3.4.0.2",
      "RcppHNSW": "0.6.0",
      "RcppML": "0.3.7",
      "RcppParallel": "5.1.11-1",
      "RcppProgress": "0.4.2",
      "RcppTOML": "0.2.3",
      "RCurl": "1.98-1.17",
      "Rdpack": "2.6.6",
      "readr": "2.2.0",
      "readxl": "1.4.5",
      "recount3": "1.12.0",
      "reformulas": "0.4.4",
      "rematch": "2.0.0",
      "rematch2": "2.1.2",
      "remotes": "2.5.0",
      "repr": "1.1.7",
      "reprex": "2.1.1",
      "reshape2": "1.4.5",
      "restfulr": "0.0.16",
      "reticulate": "1.45.0",
      "rex": "1.2.1",
      "Rfast": "2.1.5.2",
      "Rgraphviz": "2.46.0",
      "rhdf5": "2.46.1",
      "rhdf5filters": "1.14.1",
      "Rhdf5lib": "1.24.2",
      "RhpcBLASctl": "0.23-42",
      "Rhtslib": "2.4.1",
      "rhub": "2.0.1",
      "rjson": "0.2.23",
      "rlang": "1.1.7",
      "rmarkdown": "2.30",
      "Rnanoflann": "0.0.3",
      "rngtools": "1.5.2",
      "robustbase": "0.99-7",
      "ROCR": "1.0-12",
      "roxygen2": "7.3.3",
      "rprojroot": "2.1.1",
      "Rsamtools": "2.18.0",
      "RSpectra": "0.16-2",
      "RSQLite": "2.4.6",
      "rstudioapi": "0.18.0",
      "rsvd": "1.0.5",
      "rsvg": "2.7.0",
      "rtracklayer": "1.62.0",
      "Rtsne": "0.17",
      "rversions": "3.0.0",
      "rvest": "1.0.5",
      "S4Arrays": "1.2.1",
      "S4Vectors": "0.40.2",
      "S7": "0.2.1",
      "safe": "3.42.0",
      "sandwich": "3.1-1",
      "sass": "0.4.10",
      "ScaledMatrix": "1.10.0",
      "scales": "1.4.0",
      "scater": "1.30.1",
      "scattermore": "1.2",
      "scDblFinder": "1.16.0",
      "scran": "1.30.2",
      "sctransform": "0.4.3",
      "scuttle": "1.12.0",
      "segmented": "2.2-1",
      "selectr": "0.5-1",
      "sessioninfo": "1.2.3",
      "Seurat": "5.4.0",
      "SeuratDisk": "0.0.0.9021",
      "SeuratObject": "5.3.0",
      "shape": "1.4.6.1",
      "shiny": "1.13.0",
      "SingleCellExperiment": "1.24.0",
      "sitmo": "2.0.2",
      "sn": "2.1.3",
      "snow": "0.4-4",
      "sourcetools": "0.1.7-1",
      "sp": "2.2-1",
      "spam": "2.11-3",
      "SparseArray": "1.2.4",
      "SparseM": "1.84-2",
      "sparseMatrixStats": "1.14.0",
      "SpatialExperiment": "1.12.0",
      "spatstat.data": "3.1-9",
      "spatstat.explore": "3.7-0",
      "spatstat.geom": "3.7-0",
      "spatstat.random": "3.4-4",
      "spatstat.sparse": "3.1-0",
      "spatstat.univar": "3.1-6",
      "spatstat.utils": "3.2-1",
      "spelling": "2.3.2",
      "statmod": "1.5.1",
      "stringi": "1.8.7",
      "stringr": "1.6.0",
      "styler": "1.11.0",
      "SummarizedExperiment": "1.32.0",
      "svglite": "2.2.2",
      "sys": "3.4.3",
      "systemfonts": "1.3.1",
      "tensor": "1.5.1",
      "testthat": "3.3.2",
      "textshaping": "1.0.4",
      "TFisher": "0.2.0",
      "TH.data": "1.1-5",
      "tibble": "3.3.1",
      "tidyr": "1.3.2",
      "tidyselect": "1.2.1",
      "tidyverse": "2.0.0",
      "timechange": "0.4.0",
      "timeDate": "4052.112",
      "tinytex": "0.58",
      "topGO": "2.54.0",
      "tximport": "1.30.0",
      "tzdb": "0.5.0",
      "urca": "1.3-4",
      "urlchecker": "1.0.1",
      "usethis": "3.2.1",
      "utf8": "1.2.6",
      "uuid": "1.2-2",
      "uwot": "0.2.4",
      "vctrs": "0.7.1",
      "vdiffr": "1.0.9",
      "VennDiagram": "1.8.2",
      "VGAM": "1.1-14",
      "vipor": "0.4.7",
      "viridis": "0.6.5",
      "viridisLite": "0.4.3",
      "visNetwork": "2.1.4",
      "vroom": "1.7.0",
      "waldo": "0.6.2",
      "webp": "1.3.0",
      "whisker": "0.4.1",
      "whoami": "1.3.0",
      "withr": "3.0.2",
      "wk": "0.9.5",
      "WriteXLS": "6.8.0",
      "xfun": "0.56",
      "xgboost": "3.2.0.1",
      "XML": "3.99-0.22",
      "xml2": "1.5.2",
      "xmlparsedata": "1.0.5",
      "xopen": "1.0.1",
      "xtable": "1.8-8",
      "XVector": "0.42.0",
      "yaml": "2.3.12",
      "zigg": "0.0.2",
      "zip": "2.3.3",
      "zlibbioc": "1.48.2",
      "zoo": "1.8-15",
      "littler": "0.3.19",
      "base": "4.3.3",
      "boot": "1.3-30",
      "class": "7.3-22",
      "cluster": "2.1.6",
      "codetools": "0.2-19",
      "compiler": "4.3.3",
      "datasets": "4.3.3",
      "foreign": "0.8-86",
      "graphics": "4.3.3",
      "grDevices": "4.3.3",
      "grid": "4.3.3",
      "KernSmooth": "2.23-22",
      "lattice": "0.22-5",
      "MASS": "7.3-60.0.1",
      "Matrix": "1.6-5",
      "methods": "4.3.3",
      "mgcv": "1.9-1",
      "nlme": "3.1-164",
      "nnet": "7.3-19",
      "parallel": "4.3.3",
      "rpart": "4.1.23",
      "spatial": "7.3-17",
      "splines": "4.3.3",
      "stats": "4.3.3",
      "stats4": "4.3.3",
      "survival": "3.5-8",
      "tcltk": "4.3.3",
      "tools": "4.3.3",
      "utils": "4.3.3"
    },
    "julia_packages": {},
    "npm": {},
    "cargo": {}
  },
  "tools": {
    "bioinformatics": {
      "nextflow": {
        "found": false,
        "version": null,
        "path": null,
        "real_path": null
      },
      "snakemake": {
        "found": false,
        "version": null,
        "path": null,
        "real_path": null
      },
      "cromwell": {
        "found": false,
        "version": null,
        "path": null,
        "real_path": null
      },
      "cwltool": {
        "found": false,
        "version": null,
        "path": null,
        "real_path": null
      },
      "bwa": {
        "found": false,
        "version": null,
        "path": null,
        "real_path": null
      },
      "bowtie2": {
        "found": false,
        "version": null,
        "path": null,
        "real_path": null
      },
      "STAR": {
        "found": false,
        "version": null,
        "path": null,
        "real_path": null
      },
      "minimap2": {
        "found": false,
        "version": null,
        "path": null,
        "real_path": null
      },
      "hisat2": {
        "found": false,
        "version": null,
        "path": null,
        "real_path": null
      },
      "gatk": {
        "found": false,
        "version": null,
        "path": null,
        "real_path": null
      },
      "samtools": {
        "found": false,
        "version": null,
        "path": null,
        "real_path": null
      },
      "bcftools": {
        "found": false,
        "version": null,
        "path": null,
        "real_path": null
      },
      "freebayes": {
        "found": false,
        "version": null,
        "path": null,
        "real_path": null
      },
      "deepvariant": {
        "found": false,
        "version": null,
        "path": null,
        "real_path": null
      },
      "fastqc": {
        "found": true,
        "version": "0.12.1",
        "path": "/home/ross/miniforge3/bin/fastqc",
        "real_path": "/home/ross/miniforge3/opt/fastqc-0.12.1/fastqc"
      },
      "multiqc": {
        "found": true,
        "version": "1.33",
        "path": "/home/ross/miniforge3/bin/multiqc",
        "real_path": "/home/ross/miniforge3/bin/multiqc"
      },
      "trimmomatic": {
        "found": false,
        "version": null,
        "path": null,
        "real_path": null
      },
      "fastp": {
        "found": false,
        "version": null,
        "path": null,
        "real_path": null
      },
      "spades.py": {
        "found": false,
        "version": null,
        "path": null,
        "real_path": null
      },
      "flye": {
        "found": false,
        "version": null,
        "path": null,
        "real_path": null
      },
      "hifiasm": {
        "found": false,
        "version": null,
        "path": null,
        "real_path": null
      },
      "prokka": {
        "found": false,
        "version": null,
        "path": null,
        "real_path": null
      },
      "augustus": {
        "found": false,
        "version": null,
        "path": null,
        "real_path": null
      }
    },
    "ml": {
      "cuda": {
        "found": true,
        "version": "13.0"
      },
      "cudnn": {
        "found": false,
        "version": null
      },
      "gpus": [
        {
          "index": 0,
          "name": "NVIDIA GeForce RTX 4070 Ti",
          "memory_gb": 12.0,
          "driver": "580.126.09"
        }
      ]
    },
    "climate": {
      "nco": {
        "found": false,
        "version": null,
        "path": null,
        "real_path": null
      },
      "cdo": {
        "found": false,
        "version": null,
        "path": null,
        "real_path": null
      },
      "ferret": {
        "found": false,
        "version": null,
        "path": null,
        "real_path": null
      },
      "grads": {
        "found": false,
        "version": null,
        "path": null,
        "real_path": null
      }
    },
    "neuroimaging": {
      "fsl": {
        "found": false,
        "version": null,
        "path": null,
        "real_path": null
      },
      "freesurfer": {
        "found": false,
        "version": null,
        "path": null,
        "real_path": null
      },
      "afni": {
        "found": false,
        "version": null,
        "path": null,
        "real_path": null
      },
      "ants": {
        "found": false,
        "version": null,
        "path": null,
        "real_path": null
      }
    }
  },
  "containers": {
    "runtimes": {
      "docker": {
        "found": false,
        "version": null,
        "path": null,
        "real_path": null
      },
      "singularity": {
        "found": false,
        "version": null,
        "path": null,
        "real_path": null
      },
      "apptainer": {
        "found": false,
        "version": null,
        "path": null,
        "real_path": null
      },
      "podman": {
        "found": false,
        "version": null,
        "path": null,
        "real_path": null
      }
    },
    "active_runtime": null,
    "active_version": null,
    "docker_in_docker": false,
    "current_image": null
  },
  "galaxy": {
    "found": false,
    "workflows": [],
    "galaxy_server": null
  },
  "references": {},
  "environment": {
    "locale": {
      "LANG": "en_US.UTF-8",
      "LANGUAGE": "en_US"
    },
    "timezone": "CST",
    "PATH": "/media/ross/New Volume1/spatial_transcriptomics/software/spaceranger-4.0.1:/home/ross/miniforge3/bin:/home/ross/miniforge3/condabin:/home/ross/.local/bin:/usr/local/sbin:/usr/local/bin:/usr/sbin:/usr/bin:/sbin:/bin:/usr/games:/usr/local/games:/snap/bin:/home/ross/.cache/lm-studio/bin:/home/ross/.cache/lm-studio/bin",
    "shell": "/bin/bash",
    "proxy": null,
    "conda_env_vars": {
      "CONDA_DEFAULT_ENV": "base",
      "CONDA_PREFIX": "/home/ross/miniforge3",
      "CONDA_EXE": "/home/ross/miniforge3/bin/conda"
    },
    "python_env_vars": null,
    "r_env_vars": null
  },
  "verified_outputs": {},
  "data_versions_used": {
    "breaking_changes": "1.4.2",
    "pipeline_requirements": "1.2.0",
    "cve_snapshot": "2026.02.01"
  },
  "pipeline": {
    "primary_type": "unknown",
    "nested_pipelines": [],
    "config_checksums": {}
  }
}
